version = 1
revision = 3
requires-python = ">=3.10"

[[package]]
name = "connectorx"
version = "0.4.3"
source = { registry = "https://pypi.org/simple" }
wheels = [
    { url = "https://files.pythonhosted.org/packages/02/f9/1f829e1b768b628d29fc993fb1e7f812cd5e0480d98db59b005bb3f27723/connectorx-0.4.3-cp310-cp310-macosx_10_7_x86_64.whl", hash = "sha256:0873df0741da01dfff101895b426a9cd0f84a98d87aba1c5873233ab134cda53", size = 36270125, upload-time = "2025-04-11T16:23:41.422Z" },
    { url = "https://files.pythonhosted.org/packages/87/a9/0200aad2e9613e1292f18330ab1d52772d8bb2236382d3308fb850be6e22/connectorx-0.4.3-cp310-cp310-macosx_11_0_arm64.whl", hash = "sha256:900c5af9d566399cb42fa808b0ea03817b654d106e25b6e530393ce55193e21a", size = 34472544, upload-time = "2025-04-11T16:23:58.934Z" },
    { url = "https://files.pythonhosted.org/packages/00/f2/dabc537604ae15a1fed77470fb7cb1ee96dac744c1a749a82b98418e1488/connectorx-0.4.3-cp310-cp310-manylinux_2_28_x86_64.whl", hash = "sha256:fb767647e1de4835b975a5627d0eadaa8de774ba6f123d455c058bdbcd8f8c0a", size = 41675350, upload-time = "2025-04-11T16:24:17.033Z" },
    { url = "https://files.pythonhosted.org/packages/36/d6/ef024496a9e8d5661998333b66b4bd895816d81088f786f32df05a358f93/connectorx-0.4.3-cp310-cp310-manylinux_2_35_aarch64.whl", hash = "sha256:4af1a106d0e21d60ee783d11008e76d5c9af3665c85689544083a9655945bf16", size = 38903780, upload-time = "2025-04-11T16:23:24.314Z" },
    { url = "https://files.pythonhosted.org/packages/ae/9e/83f61855342c636123c4d37e58eba7b8f73cbb7e019b91e749e19d87854d/connectorx-0.4.3-cp310-none-win_amd64.whl", hash = "sha256:d31ddc124309f3bc642970684abc912dab51bd5bb521246df8e021c487a6d938", size = 32948329, upload-time = "2025-04-11T16:24:37.191Z" },
    { url = "https://files.pythonhosted.org/packages/c1/a3/6640323778323268a9a5c0090cc1951c31d0387af12af3c94d42b212427b/connectorx-0.4.3-cp311-cp311-macosx_10_7_x86_64.whl", hash = "sha256:5ffb92d51116a67a57d75c7427505e102b5ab8e71d96df2bbf5a0f0073284241", size = 36269796, upload-time = "2025-04-11T16:23:45.81Z" },
    { url = "https://files.pythonhosted.org/packages/63/0c/31ec422b3daaf242c899acbe16249ab2c20dd1ed399bc80dacc46c7adb4d/connectorx-0.4.3-cp311-cp311-macosx_11_0_arm64.whl", hash = "sha256:1fe7e4426982f91dcba74a0937696a339287f198e8c55d3186784b2ced2bff01", size = 34480226, upload-time = "2025-04-11T16:24:03.266Z" },
    { url = "https://files.pythonhosted.org/packages/ae/66/1291628b6295c9f931263df6dd299e4b0820ce123068d63d1cf98df6c249/connectorx-0.4.3-cp311-cp311-manylinux_2_28_x86_64.whl", hash = "sha256:34fa1c734ec670087ac9c2f4e2f66f594ae783773bc87f55324b26cf8521e4a3", size = 41676123, upload-time = "2025-04-11T16:24:22.709Z" },
    { url = "https://files.pythonhosted.org/packages/9c/0e/f03f4d47a36ca3446b0c446b8e35bd796e0bdf7f9dd360a913c13e41b4c9/connectorx-0.4.3-cp311-cp311-manylinux_2_35_aarch64.whl", hash = "sha256:40ea58bd899d8d2cb37776dae53226a98e698587d8f9e37dbcf3a6e37e2209f8", size = 38901237, upload-time = "2025-04-11T16:23:28.898Z" },
    { url = "https://files.pythonhosted.org/packages/b3/7f/4df0d2db54499958345f1af915431177df180a66435163d015b660712b69/connectorx-0.4.3-cp311-none-win_amd64.whl", hash = "sha256:241b84cf5a866f175f3ed204bf4c17bcbdfe50c05d745a48d193d7f164a32ae2", size = 32948137, upload-time = "2025-04-11T16:24:40.947Z" },
    { url = "https://files.pythonhosted.org/packages/aa/f1/df5c7be74ec02d69afb22c9ca9e9bd5a6b18d9b0de47d6e1c810fb4a4695/connectorx-0.4.3-cp312-cp312-macosx_10_7_x86_64.whl", hash = "sha256:a461fa210f69419a04a21f596fe593ed104c5d22100c468042ee55b15219d3bd", size = 36272231, upload-time = "2025-04-11T16:23:50.143Z" },
    { url = "https://files.pythonhosted.org/packages/10/b8/c7711d41db17e1d574ab0d53dd648a2fcda603cfee0abb2f027647531ce1/connectorx-0.4.3-cp312-cp312-macosx_11_0_arm64.whl", hash = "sha256:ba7afa7749a28d13ef4c0ca7cbd0e118d367db77f576c8a1fba42694dc9e3534", size = 34479924, upload-time = "2025-04-11T16:24:08.466Z" },
    { url = "https://files.pythonhosted.org/packages/83/43/18d59d706aed986e56a0b7d5ab11ad5ce6ae145514afc8b1ae5ff2a067b8/connectorx-0.4.3-cp312-cp312-manylinux_2_28_x86_64.whl", hash = "sha256:be944d72a8f64443efee5a0a992479d5d59608d36c348f24770b32a3b92537cf", size = 41675045, upload-time = "2025-04-11T16:24:27.297Z" },
    { url = "https://files.pythonhosted.org/packages/d5/e5/21ac4560dc50f31f1a1031c40fef96bad3da791758549cb9d400772b72c4/connectorx-0.4.3-cp312-cp312-manylinux_2_35_aarch64.whl", hash = "sha256:a347c22fe4b8d4f37f478ad3b8f2fa7dd2eccd9cc42c5493a2e4246221df3218", size = 38893303, upload-time = "2025-04-11T16:23:33.19Z" },
    { url = "https://files.pythonhosted.org/packages/b8/07/c21750870ab8cf6fd5b1e3068cb99630b294ef89f431627d3d00ea54179e/connectorx-0.4.3-cp312-none-win_amd64.whl", hash = "sha256:58906d50564b059086dd2283e975b6a8874ce78edfb2672623f2d003ed987675", size = 32932339, upload-time = "2025-04-11T16:24:44.621Z" },
    { url = "https://files.pythonhosted.org/packages/e0/87/2cd961d3ad08944487fdd1d7b1b9b3b596d7bd98eea0f7e203cabf9a0e7b/connectorx-0.4.3-cp313-cp313-macosx_10_7_x86_64.whl", hash = "sha256:bcae0f740ec17d14692692fb66b9beb32e1d9112c7940d1cee48efc52eb8c441", size = 36273792, upload-time = "2025-04-11T16:23:54.588Z" },
    { url = "https://files.pythonhosted.org/packages/68/53/b5e216c7966f860aba462d944b3266ce0e16ab502697df84fa5ea9326e0c/connectorx-0.4.3-cp313-cp313-macosx_11_0_arm64.whl", hash = "sha256:2713f737f8cc8768598d287a5807c34588fef63a572750b54c49400be6e8aa8e", size = 34480916, upload-time = "2025-04-11T16:24:12.283Z" },
    { url = "https://files.pythonhosted.org/packages/6b/ce/35508d6b8974cf8d4edb4439e93346dc9a2ea8a4c679a2ee3e831f8245f4/connectorx-0.4.3-cp313-cp313-manylinux_2_28_x86_64.whl", hash = "sha256:2fcf42c9577e314d21caac0fa532ce485404ce3be082642e02543344ee0ca3b0", size = 41678049, upload-time = "2025-04-11T16:24:31.732Z" },
    { url = "https://files.pythonhosted.org/packages/0c/3c/c7771b3af357f4ca32f9efd7eb440d705ac7e52abbb5111d987be3f22207/connectorx-0.4.3-cp313-cp313-manylinux_2_35_aarch64.whl", hash = "sha256:152746a662fec8bfbe520f127d2ca77a780fdc70ad1c199aadd7544612b291cc", size = 38891685, upload-time = "2025-04-11T16:23:37.012Z" },
    { url = "https://files.pythonhosted.org/packages/b8/a9/0c80560fe59d4b7643ca6acd20c25b240335eb1c23a502bed1d102e0a485/connectorx-0.4.3-cp313-none-win_amd64.whl", hash = "sha256:b9408ee082985a66fedbf12328c655dc2a8d86e4c5127666ffcd81d0c79c4b76", size = 32945561, upload-time = "2025-04-11T16:24:48.32Z" },
]

[[package]]
name = "pg-autojoin"
version = "0.2.0"
source = { virtual = "." }
dependencies = [
    { name = "connectorx" },
]

[package.metadata]
requires-dist = [{ name = "connectorx", specifier = ">=0.4.3" }]
